// !$*UTF8*$!
{
	archiveVersion = 1;
	classes = {
	};
	objectVersion = 51;
	objects = {

/* Begin PBXBuildFile section */
		1A23472C22D8DA31003123BA /* PostInfoView.swift in Sources */ = {isa = PBXBuildFile; fileRef = 1A23472B22D8DA31003123BA /* PostInfoView.swift */; };
		1A23472E22D8DD7E003123BA /* Helpers.swift in Sources */ = {isa = PBXBuildFile; fileRef = 1A23472D22D8DD7E003123BA /* Helpers.swift */; };
		1A23473022D8F45B003123BA /* Films.swift in Sources */ = {isa = PBXBuildFile; fileRef = 1A23472F22D8F45B003123BA /* Films.swift */; };
		1A23473222D8F470003123BA /* Post.swift in Sources */ = {isa = PBXBuildFile; fileRef = 1A23473122D8F470003123BA /* Post.swift */; };
		1A38336C22CA7F6A00F2AC9A /* UIImageView.swift in Sources */ = {isa = PBXBuildFile; fileRef = 1A38336B22CA7F6A00F2AC9A /* UIImageView.swift */; };
		1A55C7CA22D3AB9F001248F0 /* ThumbnailImage.swift in Sources */ = {isa = PBXBuildFile; fileRef = 1A55C7C922D3AB9F001248F0 /* ThumbnailImage.swift */; };
		1A55C7CC22D3EF15001248F0 /* ReatimeDatabase.swift in Sources */ = {isa = PBXBuildFile; fileRef = 1A55C7CB22D3EF15001248F0 /* ReatimeDatabase.swift */; };
		1A6F4B5D22D6272A00E0DFBA /* UIAlert.swift in Sources */ = {isa = PBXBuildFile; fileRef = 1A6F4B5C22D6272A00E0DFBA /* UIAlert.swift */; };
		1A6F4B5F22D65D0B00E0DFBA /* UIImagePicker.swift in Sources */ = {isa = PBXBuildFile; fileRef = 1A6F4B5E22D65D0B00E0DFBA /* UIImagePicker.swift */; };
		1A74F97622B94E8200F0C6F5 /* TableViewController.swift in Sources */ = {isa = PBXBuildFile; fileRef = 1A74F97522B94E8200F0C6F5 /* TableViewController.swift */; };
		1A74F97922B9523E00F0C6F5 /* CellViewController.swift in Sources */ = {isa = PBXBuildFile; fileRef = 1A74F97822B9523E00F0C6F5 /* CellViewController.swift */; };
		1A74F97C22B9580800F0C6F5 /* NoPostsView.swift in Sources */ = {isa = PBXBuildFile; fileRef = 1A74F97B22B9580800F0C6F5 /* NoPostsView.swift */; };
		1A74F97F22B95C4800F0C6F5 /* ProfileController.swift in Sources */ = {isa = PBXBuildFile; fileRef = 1A74F97E22B95C4800F0C6F5 /* ProfileController.swift */; };
		1A74F98122B964B000F0C6F5 /* GoogleService-Info.plist in Resources */ = {isa = PBXBuildFile; fileRef = 1A74F98022B964B000F0C6F5 /* GoogleService-Info.plist */; };
		1A97DCB222D4EEB0008A6DC8 /* CoordinatorProtocol.swift in Sources */ = {isa = PBXBuildFile; fileRef = 1A97DCB122D4EEB0008A6DC8 /* CoordinatorProtocol.swift */; };
		1A97DCB422D4EFAB008A6DC8 /* StoryboardProtocol.swift in Sources */ = {isa = PBXBuildFile; fileRef = 1A97DCB322D4EFAB008A6DC8 /* StoryboardProtocol.swift */; };
		1A97DCB622D4F0D7008A6DC8 /* MainCoordinator.swift in Sources */ = {isa = PBXBuildFile; fileRef = 1A97DCB522D4F0D7008A6DC8 /* MainCoordinator.swift */; };
		1A97DCB822D50542008A6DC8 /* ProfileCoordinator.swift in Sources */ = {isa = PBXBuildFile; fileRef = 1A97DCB722D50542008A6DC8 /* ProfileCoordinator.swift */; };
		1A97DCBA22D50F33008A6DC8 /* FireStorage.swift in Sources */ = {isa = PBXBuildFile; fileRef = 1A97DCB922D50F33008A6DC8 /* FireStorage.swift */; };
		1A97DCC222D5321D008A6DC8 /* TabBarCoordinator.swift in Sources */ = {isa = PBXBuildFile; fileRef = 1A97DCC122D5321D008A6DC8 /* TabBarCoordinator.swift */; };
		1A97DCCA22D53AD3008A6DC8 /* PostsCoordinator.swift in Sources */ = {isa = PBXBuildFile; fileRef = 1A97DCC922D53AD3008A6DC8 /* PostsCoordinator.swift */; };
		1A97DCCC22D53DEB008A6DC8 /* CoordinatedNavigationController.swift in Sources */ = {isa = PBXBuildFile; fileRef = 1A97DCCB22D53DEB008A6DC8 /* CoordinatedNavigationController.swift */; };
		1AB09D9C22B9369500E3EC81 /* AppDelegate.swift in Sources */ = {isa = PBXBuildFile; fileRef = 1AB09D9B22B9369500E3EC81 /* AppDelegate.swift */; };
		1AB09D9E22B9369500E3EC81 /* ViewController.swift in Sources */ = {isa = PBXBuildFile; fileRef = 1AB09D9D22B9369500E3EC81 /* ViewController.swift */; };
		1AB09DA422B9369500E3EC81 /* Social_Timeline.xcdatamodeld in Sources */ = {isa = PBXBuildFile; fileRef = 1AB09DA222B9369500E3EC81 /* Social_Timeline.xcdatamodeld */; };
		1AB09DA622B9369600E3EC81 /* Assets.xcassets in Resources */ = {isa = PBXBuildFile; fileRef = 1AB09DA522B9369600E3EC81 /* Assets.xcassets */; };
		1AB09DA922B9369600E3EC81 /* LaunchScreen.storyboard in Resources */ = {isa = PBXBuildFile; fileRef = 1AB09DA722B9369600E3EC81 /* LaunchScreen.storyboard */; };
		1AB09DB222B9388500E3EC81 /* UILabel.swift in Sources */ = {isa = PBXBuildFile; fileRef = 1AB09DB122B9388500E3EC81 /* UILabel.swift */; };
		1AB09DB422B93C7A00E3EC81 /* AutoAnchors.swift in Sources */ = {isa = PBXBuildFile; fileRef = 1AB09DB322B93C7A00E3EC81 /* AutoAnchors.swift */; };
		1ACB244E22B9694F00361106 /* LoginController.swift in Sources */ = {isa = PBXBuildFile; fileRef = 1ACB244D22B9694F00361106 /* LoginController.swift */; };
		1ACB245022B96ABE00361106 /* UIButton.swift in Sources */ = {isa = PBXBuildFile; fileRef = 1ACB244F22B96ABE00361106 /* UIButton.swift */; };
		1ACB245222B96FB500361106 /* UIInputText.swift in Sources */ = {isa = PBXBuildFile; fileRef = 1ACB245122B96FB500361106 /* UIInputText.swift */; };
		1ACB245422B9861800361106 /* RegisterController.swift in Sources */ = {isa = PBXBuildFile; fileRef = 1ACB245322B9861800361106 /* RegisterController.swift */; };
		1ACB245722B988CD00361106 /* FireAuth.swift in Sources */ = {isa = PBXBuildFile; fileRef = 1ACB245622B988CD00361106 /* FireAuth.swift */; };
		1ACB245A22B9899700361106 /* Usuario.swift in Sources */ = {isa = PBXBuildFile; fileRef = 1ACB245922B9899700361106 /* Usuario.swift */; };
		1AE19EC322BAD66F00387D8B /* addPostView.swift in Sources */ = {isa = PBXBuildFile; fileRef = 1AE19EC222BAD66F00387D8B /* addPostView.swift */; };
		1AE19EC522BADFBD00387D8B /* UITextView.swift in Sources */ = {isa = PBXBuildFile; fileRef = 1AE19EC422BADFBD00387D8B /* UITextView.swift */; };
		A011D2E022DE543200B78D52 /* PostContentView.swift in Sources */ = {isa = PBXBuildFile; fileRef = A011D2DF22DE543200B78D52 /* PostContentView.swift */; };
		A76211AD180558FC93AF44FD /* Pods_Social_Timeline.framework in Frameworks */ = {isa = PBXBuildFile; fileRef = CCF80998AD29F29A0EEADC99 /* Pods_Social_Timeline.framework */; };
/* End PBXBuildFile section */

/* Begin PBXFileReference section */
		1A23472B22D8DA31003123BA /* PostInfoView.swift */ = {isa = PBXFileReference; lastKnownFileType = sourcecode.swift; path = PostInfoView.swift; sourceTree = "<group>"; };
		1A23472D22D8DD7E003123BA /* Helpers.swift */ = {isa = PBXFileReference; lastKnownFileType = sourcecode.swift; path = Helpers.swift; sourceTree = "<group>"; };
		1A23472F22D8F45B003123BA /* Films.swift */ = {isa = PBXFileReference; lastKnownFileType = sourcecode.swift; path = Films.swift; sourceTree = "<group>"; };
		1A23473122D8F470003123BA /* Post.swift */ = {isa = PBXFileReference; lastKnownFileType = sourcecode.swift; path = Post.swift; sourceTree = "<group>"; };
		1A38336B22CA7F6A00F2AC9A /* UIImageView.swift */ = {isa = PBXFileReference; lastKnownFileType = sourcecode.swift; path = UIImageView.swift; sourceTree = "<group>"; };
		1A55C7C922D3AB9F001248F0 /* ThumbnailImage.swift */ = {isa = PBXFileReference; lastKnownFileType = sourcecode.swift; path = ThumbnailImage.swift; sourceTree = "<group>"; };
		1A55C7CB22D3EF15001248F0 /* ReatimeDatabase.swift */ = {isa = PBXFileReference; lastKnownFileType = sourcecode.swift; path = ReatimeDatabase.swift; sourceTree = "<group>"; };
		1A6F4B5C22D6272A00E0DFBA /* UIAlert.swift */ = {isa = PBXFileReference; lastKnownFileType = sourcecode.swift; path = UIAlert.swift; sourceTree = "<group>"; };
		1A6F4B5E22D65D0B00E0DFBA /* UIImagePicker.swift */ = {isa = PBXFileReference; lastKnownFileType = sourcecode.swift; path = UIImagePicker.swift; sourceTree = "<group>"; };
		1A74F97522B94E8200F0C6F5 /* TableViewController.swift */ = {isa = PBXFileReference; lastKnownFileType = sourcecode.swift; path = TableViewController.swift; sourceTree = "<group>"; };
		1A74F97822B9523E00F0C6F5 /* CellViewController.swift */ = {isa = PBXFileReference; lastKnownFileType = sourcecode.swift; path = CellViewController.swift; sourceTree = "<group>"; };
		1A74F97B22B9580800F0C6F5 /* NoPostsView.swift */ = {isa = PBXFileReference; lastKnownFileType = sourcecode.swift; path = NoPostsView.swift; sourceTree = "<group>"; };
		1A74F97E22B95C4800F0C6F5 /* ProfileController.swift */ = {isa = PBXFileReference; lastKnownFileType = sourcecode.swift; path = ProfileController.swift; sourceTree = "<group>"; };
		1A74F98022B964B000F0C6F5 /* GoogleService-Info.plist */ = {isa = PBXFileReference; fileEncoding = 4; lastKnownFileType = text.plist.xml; path = "GoogleService-Info.plist"; sourceTree = "<group>"; };
		1A97DCB122D4EEB0008A6DC8 /* CoordinatorProtocol.swift */ = {isa = PBXFileReference; lastKnownFileType = sourcecode.swift; path = CoordinatorProtocol.swift; sourceTree = "<group>"; };
		1A97DCB322D4EFAB008A6DC8 /* StoryboardProtocol.swift */ = {isa = PBXFileReference; lastKnownFileType = sourcecode.swift; path = StoryboardProtocol.swift; sourceTree = "<group>"; };
		1A97DCB522D4F0D7008A6DC8 /* MainCoordinator.swift */ = {isa = PBXFileReference; lastKnownFileType = sourcecode.swift; path = MainCoordinator.swift; sourceTree = "<group>"; };
		1A97DCB722D50542008A6DC8 /* ProfileCoordinator.swift */ = {isa = PBXFileReference; lastKnownFileType = sourcecode.swift; path = ProfileCoordinator.swift; sourceTree = "<group>"; };
		1A97DCB922D50F33008A6DC8 /* FireStorage.swift */ = {isa = PBXFileReference; lastKnownFileType = sourcecode.swift; path = FireStorage.swift; sourceTree = "<group>"; };
		1A97DCC122D5321D008A6DC8 /* TabBarCoordinator.swift */ = {isa = PBXFileReference; fileEncoding = 4; lastKnownFileType = sourcecode.swift; path = TabBarCoordinator.swift; sourceTree = "<group>"; };
		1A97DCC922D53AD3008A6DC8 /* PostsCoordinator.swift */ = {isa = PBXFileReference; lastKnownFileType = sourcecode.swift; path = PostsCoordinator.swift; sourceTree = "<group>"; };
		1A97DCCB22D53DEB008A6DC8 /* CoordinatedNavigationController.swift */ = {isa = PBXFileReference; lastKnownFileType = sourcecode.swift; path = CoordinatedNavigationController.swift; sourceTree = "<group>"; };
		1AB09D9822B9369500E3EC81 /* Social_Timeline.app */ = {isa = PBXFileReference; explicitFileType = wrapper.application; includeInIndex = 0; path = Social_Timeline.app; sourceTree = BUILT_PRODUCTS_DIR; };
		1AB09D9B22B9369500E3EC81 /* AppDelegate.swift */ = {isa = PBXFileReference; lastKnownFileType = sourcecode.swift; path = AppDelegate.swift; sourceTree = "<group>"; };
		1AB09D9D22B9369500E3EC81 /* ViewController.swift */ = {isa = PBXFileReference; lastKnownFileType = sourcecode.swift; path = ViewController.swift; sourceTree = "<group>"; };
		1AB09DA322B9369500E3EC81 /* Social_Timeline.xcdatamodel */ = {isa = PBXFileReference; lastKnownFileType = wrapper.xcdatamodel; path = Social_Timeline.xcdatamodel; sourceTree = "<group>"; };
		1AB09DA522B9369600E3EC81 /* Assets.xcassets */ = {isa = PBXFileReference; lastKnownFileType = folder.assetcatalog; path = Assets.xcassets; sourceTree = "<group>"; };
		1AB09DA822B9369600E3EC81 /* Base */ = {isa = PBXFileReference; lastKnownFileType = file.storyboard; name = Base; path = Base.lproj/LaunchScreen.storyboard; sourceTree = "<group>"; };
		1AB09DAA22B9369600E3EC81 /* Info.plist */ = {isa = PBXFileReference; lastKnownFileType = text.plist.xml; path = Info.plist; sourceTree = "<group>"; };
		1AB09DB122B9388500E3EC81 /* UILabel.swift */ = {isa = PBXFileReference; lastKnownFileType = sourcecode.swift; path = UILabel.swift; sourceTree = "<group>"; };
		1AB09DB322B93C7A00E3EC81 /* AutoAnchors.swift */ = {isa = PBXFileReference; lastKnownFileType = sourcecode.swift; path = AutoAnchors.swift; sourceTree = "<group>"; };
		1ACB244D22B9694F00361106 /* LoginController.swift */ = {isa = PBXFileReference; lastKnownFileType = sourcecode.swift; path = LoginController.swift; sourceTree = "<group>"; };
		1ACB244F22B96ABE00361106 /* UIButton.swift */ = {isa = PBXFileReference; lastKnownFileType = sourcecode.swift; path = UIButton.swift; sourceTree = "<group>"; };
		1ACB245122B96FB500361106 /* UIInputText.swift */ = {isa = PBXFileReference; lastKnownFileType = sourcecode.swift; path = UIInputText.swift; sourceTree = "<group>"; };
		1ACB245322B9861800361106 /* RegisterController.swift */ = {isa = PBXFileReference; lastKnownFileType = sourcecode.swift; path = RegisterController.swift; sourceTree = "<group>"; };
		1ACB245622B988CD00361106 /* FireAuth.swift */ = {isa = PBXFileReference; lastKnownFileType = sourcecode.swift; path = FireAuth.swift; sourceTree = "<group>"; };
		1ACB245922B9899700361106 /* Usuario.swift */ = {isa = PBXFileReference; lastKnownFileType = sourcecode.swift; path = Usuario.swift; sourceTree = "<group>"; };
		1AE19EC222BAD66F00387D8B /* addPostView.swift */ = {isa = PBXFileReference; lastKnownFileType = sourcecode.swift; path = addPostView.swift; sourceTree = "<group>"; };
		1AE19EC422BADFBD00387D8B /* UITextView.swift */ = {isa = PBXFileReference; lastKnownFileType = sourcecode.swift; path = UITextView.swift; sourceTree = "<group>"; };
		A011D2DF22DE543200B78D52 /* PostContentView.swift */ = {isa = PBXFileReference; fileEncoding = 4; lastKnownFileType = sourcecode.swift; path = PostContentView.swift; sourceTree = "<group>"; };
		A90160347182DB1F74EC1CDD /* Pods-Social_Timeline.debug.xcconfig */ = {isa = PBXFileReference; includeInIndex = 1; lastKnownFileType = text.xcconfig; name = "Pods-Social_Timeline.debug.xcconfig"; path = "Target Support Files/Pods-Social_Timeline/Pods-Social_Timeline.debug.xcconfig"; sourceTree = "<group>"; };
		CCF80998AD29F29A0EEADC99 /* Pods_Social_Timeline.framework */ = {isa = PBXFileReference; explicitFileType = wrapper.framework; includeInIndex = 0; path = Pods_Social_Timeline.framework; sourceTree = BUILT_PRODUCTS_DIR; };
		F53F599E39F4978E994B5D6F /* Pods-Social_Timeline.release.xcconfig */ = {isa = PBXFileReference; includeInIndex = 1; lastKnownFileType = text.xcconfig; name = "Pods-Social_Timeline.release.xcconfig"; path = "Target Support Files/Pods-Social_Timeline/Pods-Social_Timeline.release.xcconfig"; sourceTree = "<group>"; };
/* End PBXFileReference section */

/* Begin PBXFrameworksBuildPhase section */
		1AB09D9522B9369500E3EC81 /* Frameworks */ = {
			isa = PBXFrameworksBuildPhase;
			buildActionMask = 2147483647;
			files = (
				A76211AD180558FC93AF44FD /* Pods_Social_Timeline.framework in Frameworks */,
			);
			runOnlyForDeploymentPostprocessing = 0;
		};
/* End PBXFrameworksBuildPhase section */

/* Begin PBXGroup section */
		1A74F97722B9522900F0C6F5 /* SocialPostsController */ = {
			isa = PBXGroup;
			children = (
				1A74F97522B94E8200F0C6F5 /* TableViewController.swift */,
				1A74F97822B9523E00F0C6F5 /* CellViewController.swift */,
			);
			path = SocialPostsController;
			sourceTree = "<group>";
		};
		1A74F97A22B957FD00F0C6F5 /* Views */ = {
			isa = PBXGroup;
			children = (
				1A74F97B22B9580800F0C6F5 /* NoPostsView.swift */,
				1A55C7C922D3AB9F001248F0 /* ThumbnailImage.swift */,
				A011D2DF22DE543200B78D52 /* PostContentView.swift */,
				1A23472B22D8DA31003123BA /* PostInfoView.swift */,
			);
			path = Views;
			sourceTree = "<group>";
		};
		1A74F97D22B95C1200F0C6F5 /* Controllers */ = {
			isa = PBXGroup;
			children = (
				1AE19EC222BAD66F00387D8B /* addPostView.swift */,
				1A74F97722B9522900F0C6F5 /* SocialPostsController */,
				1AB09D9D22B9369500E3EC81 /* ViewController.swift */,
				1A74F97E22B95C4800F0C6F5 /* ProfileController.swift */,
				1ACB244D22B9694F00361106 /* LoginController.swift */,
				1ACB245322B9861800361106 /* RegisterController.swift */,
			);
			path = Controllers;
			sourceTree = "<group>";
		};
		1A97DCB022D4EE92008A6DC8 /* Coordinator */ = {
			isa = PBXGroup;
			children = (
				1A97DCC122D5321D008A6DC8 /* TabBarCoordinator.swift */,
				1A97DCB122D4EEB0008A6DC8 /* CoordinatorProtocol.swift */,
				1A97DCB322D4EFAB008A6DC8 /* StoryboardProtocol.swift */,
				1A97DCB522D4F0D7008A6DC8 /* MainCoordinator.swift */,
				1A97DCB722D50542008A6DC8 /* ProfileCoordinator.swift */,
				1A97DCC922D53AD3008A6DC8 /* PostsCoordinator.swift */,
				1A97DCCB22D53DEB008A6DC8 /* CoordinatedNavigationController.swift */,
			);
			path = Coordinator;
			sourceTree = "<group>";
		};
		1AB09D8F22B9369500E3EC81 = {
			isa = PBXGroup;
			children = (
				1AB09D9A22B9369500E3EC81 /* Social_Timeline */,
				1AB09D9922B9369500E3EC81 /* Products */,
				5FA2A701CDF267684DA54F9D /* Pods */,
				3F3869F177FBA47D03A9A07A /* Frameworks */,
			);
			sourceTree = "<group>";
		};
		1AB09D9922B9369500E3EC81 /* Products */ = {
			isa = PBXGroup;
			children = (
				1AB09D9822B9369500E3EC81 /* Social_Timeline.app */,
			);
			name = Products;
			sourceTree = "<group>";
		};
		1AB09D9A22B9369500E3EC81 /* Social_Timeline */ = {
			isa = PBXGroup;
			children = (
				1A97DCB022D4EE92008A6DC8 /* Coordinator */,
				1ACB245822B9898700361106 /* Models */,
				1ACB245522B988C400361106 /* Services */,
				1AB09DB022B9387400E3EC81 /* UIElements */,
				1A74F97A22B957FD00F0C6F5 /* Views */,
				1A74F97D22B95C1200F0C6F5 /* Controllers */,
				1AB09D9B22B9369500E3EC81 /* AppDelegate.swift */,
				1AB09DA522B9369600E3EC81 /* Assets.xcassets */,
				1AB09DA722B9369600E3EC81 /* LaunchScreen.storyboard */,
				1AB09DAA22B9369600E3EC81 /* Info.plist */,
				1A74F98022B964B000F0C6F5 /* GoogleService-Info.plist */,
				1AB09DA222B9369500E3EC81 /* Social_Timeline.xcdatamodeld */,
			);
			path = Social_Timeline;
			sourceTree = "<group>";
		};
		1AB09DB022B9387400E3EC81 /* UIElements */ = {
			isa = PBXGroup;
			children = (
				1AB09DB122B9388500E3EC81 /* UILabel.swift */,
				1AB09DB322B93C7A00E3EC81 /* AutoAnchors.swift */,
				1ACB244F22B96ABE00361106 /* UIButton.swift */,
				1ACB245122B96FB500361106 /* UIInputText.swift */,
				1AE19EC422BADFBD00387D8B /* UITextView.swift */,
				1A38336B22CA7F6A00F2AC9A /* UIImageView.swift */,
				1A6F4B5C22D6272A00E0DFBA /* UIAlert.swift */,
				1A6F4B5E22D65D0B00E0DFBA /* UIImagePicker.swift */,
				1A23472D22D8DD7E003123BA /* Helpers.swift */,
			);
			path = UIElements;
			sourceTree = "<group>";
		};
		1ACB245522B988C400361106 /* Services */ = {
			isa = PBXGroup;
			children = (
				1A97DCB922D50F33008A6DC8 /* FireStorage.swift */,
				1ACB245622B988CD00361106 /* FireAuth.swift */,
				1A55C7CB22D3EF15001248F0 /* ReatimeDatabase.swift */,
			);
			path = Services;
			sourceTree = "<group>";
		};
		1ACB245822B9898700361106 /* Models */ = {
			isa = PBXGroup;
			children = (
				1ACB245922B9899700361106 /* Usuario.swift */,
				1A23472F22D8F45B003123BA /* Films.swift */,
				1A23473122D8F470003123BA /* Post.swift */,
			);
			path = Models;
			sourceTree = "<group>";
		};
		3F3869F177FBA47D03A9A07A /* Frameworks */ = {
			isa = PBXGroup;
			children = (
				CCF80998AD29F29A0EEADC99 /* Pods_Social_Timeline.framework */,
			);
			name = Frameworks;
			sourceTree = "<group>";
		};
		5FA2A701CDF267684DA54F9D /* Pods */ = {
			isa = PBXGroup;
			children = (
				A90160347182DB1F74EC1CDD /* Pods-Social_Timeline.debug.xcconfig */,
				F53F599E39F4978E994B5D6F /* Pods-Social_Timeline.release.xcconfig */,
			);
			path = Pods;
			sourceTree = "<group>";
		};
/* End PBXGroup section */

/* Begin PBXNativeTarget section */
		1AB09D9722B9369500E3EC81 /* Social_Timeline */ = {
			isa = PBXNativeTarget;
			buildConfigurationList = 1AB09DAD22B9369600E3EC81 /* Build configuration list for PBXNativeTarget "Social_Timeline" */;
			buildPhases = (
				4A33BB6BEAF34FC962C23329 /* [CP] Check Pods Manifest.lock */,
				1AB09D9422B9369500E3EC81 /* Sources */,
				1AB09D9522B9369500E3EC81 /* Frameworks */,
				1AB09D9622B9369500E3EC81 /* Resources */,
				5F61D44B1C0BF8F3099AD3DD /* [CP] Embed Pods Frameworks */,
			);
			buildRules = (
			);
			dependencies = (
			);
			name = Social_Timeline;
			productName = Social_Timeline;
			productReference = 1AB09D9822B9369500E3EC81 /* Social_Timeline.app */;
			productType = "com.apple.product-type.application";
		};
/* End PBXNativeTarget section */

/* Begin PBXProject section */
		1AB09D9022B9369500E3EC81 /* Project object */ = {
			isa = PBXProject;
			attributes = {
				LastSwiftUpdateCheck = 1020;
				LastUpgradeCheck = 1020;
				ORGANIZATIONNAME = Daniel.Meneses;
				TargetAttributes = {
					1AB09D9722B9369500E3EC81 = {
						CreatedOnToolsVersion = 10.2.1;
					};
				};
			};
			buildConfigurationList = 1AB09D9322B9369500E3EC81 /* Build configuration list for PBXProject "Social_Timeline" */;
			compatibilityVersion = "Xcode 9.3";
			developmentRegion = en;
			hasScannedForEncodings = 0;
			knownRegions = (
				en,
				Base,
			);
			mainGroup = 1AB09D8F22B9369500E3EC81;
			productRefGroup = 1AB09D9922B9369500E3EC81 /* Products */;
			projectDirPath = "";
			projectRoot = "";
			targets = (
				1AB09D9722B9369500E3EC81 /* Social_Timeline */,
			);
		};
/* End PBXProject section */

/* Begin PBXResourcesBuildPhase section */
		1AB09D9622B9369500E3EC81 /* Resources */ = {
			isa = PBXResourcesBuildPhase;
			buildActionMask = 2147483647;
			files = (
				1AB09DA922B9369600E3EC81 /* LaunchScreen.storyboard in Resources */,
				1AB09DA622B9369600E3EC81 /* Assets.xcassets in Resources */,
				1A74F98122B964B000F0C6F5 /* GoogleService-Info.plist in Resources */,
			);
			runOnlyForDeploymentPostprocessing = 0;
		};
/* End PBXResourcesBuildPhase section */

/* Begin PBXShellScriptBuildPhase section */
		4A33BB6BEAF34FC962C23329 /* [CP] Check Pods Manifest.lock */ = {
			isa = PBXShellScriptBuildPhase;
			buildActionMask = 2147483647;
			files = (
			);
			inputFileListPaths = (
			);
			inputPaths = (
				"${PODS_PODFILE_DIR_PATH}/Podfile.lock",
				"${PODS_ROOT}/Manifest.lock",
			);
			name = "[CP] Check Pods Manifest.lock";
			outputFileListPaths = (
			);
			outputPaths = (
				"$(DERIVED_FILE_DIR)/Pods-Social_Timeline-checkManifestLockResult.txt",
			);
			runOnlyForDeploymentPostprocessing = 0;
			shellPath = /bin/sh;
			shellScript = "diff \"${PODS_PODFILE_DIR_PATH}/Podfile.lock\" \"${PODS_ROOT}/Manifest.lock\" > /dev/null\nif [ $? != 0 ] ; then\n    # print error to STDERR\n    echo \"error: The sandbox is not in sync with the Podfile.lock. Run 'pod install' or update your CocoaPods installation.\" >&2\n    exit 1\nfi\n# This output is used by Xcode 'outputs' to avoid re-running this script phase.\necho \"SUCCESS\" > \"${SCRIPT_OUTPUT_FILE_0}\"\n";
			showEnvVarsInLog = 0;
		};
		5F61D44B1C0BF8F3099AD3DD /* [CP] Embed Pods Frameworks */ = {
			isa = PBXShellScriptBuildPhase;
			buildActionMask = 2147483647;
			files = (
			);
			inputFileListPaths = (
				"${PODS_ROOT}/Target Support Files/Pods-Social_Timeline/Pods-Social_Timeline-frameworks-${CONFIGURATION}-input-files.xcfilelist",
			);
			name = "[CP] Embed Pods Frameworks";
			outputFileListPaths = (
				"${PODS_ROOT}/Target Support Files/Pods-Social_Timeline/Pods-Social_Timeline-frameworks-${CONFIGURATION}-output-files.xcfilelist",
			);
			runOnlyForDeploymentPostprocessing = 0;
			shellPath = /bin/sh;
			shellScript = "\"${PODS_ROOT}/Target Support Files/Pods-Social_Timeline/Pods-Social_Timeline-frameworks.sh\"\n";
			showEnvVarsInLog = 0;
		};
/* End PBXShellScriptBuildPhase section */

/* Begin PBXSourcesBuildPhase section */
		1AB09D9422B9369500E3EC81 /* Sources */ = {
			isa = PBXSourcesBuildPhase;
			buildActionMask = 2147483647;
			files = (
				1A23472C22D8DA31003123BA /* PostInfoView.swift in Sources */,
				1A97DCCC22D53DEB008A6DC8 /* CoordinatedNavigationController.swift in Sources */,
				1ACB245722B988CD00361106 /* FireAuth.swift in Sources */,
				1A74F97922B9523E00F0C6F5 /* CellViewController.swift in Sources */,
				1A97DCB822D50542008A6DC8 /* ProfileCoordinator.swift in Sources */,
				1A97DCB422D4EFAB008A6DC8 /* StoryboardProtocol.swift in Sources */,
				1ACB245422B9861800361106 /* RegisterController.swift in Sources */,
				1AB09D9E22B9369500E3EC81 /* ViewController.swift in Sources */,
				1A97DCC222D5321D008A6DC8 /* TabBarCoordinator.swift in Sources */,
				1A97DCBA22D50F33008A6DC8 /* FireStorage.swift in Sources */,
				1AE19EC522BADFBD00387D8B /* UITextView.swift in Sources */,
				1A74F97622B94E8200F0C6F5 /* TableViewController.swift in Sources */,
				1A55C7CA22D3AB9F001248F0 /* ThumbnailImage.swift in Sources */,
				1A97DCB622D4F0D7008A6DC8 /* MainCoordinator.swift in Sources */,
				1AE19EC322BAD66F00387D8B /* addPostView.swift in Sources */,
				1AB09D9C22B9369500E3EC81 /* AppDelegate.swift in Sources */,
				1AB09DB222B9388500E3EC81 /* UILabel.swift in Sources */,
				1A97DCCA22D53AD3008A6DC8 /* PostsCoordinator.swift in Sources */,
				1A6F4B5F22D65D0B00E0DFBA /* UIImagePicker.swift in Sources */,
				1A74F97F22B95C4800F0C6F5 /* ProfileController.swift in Sources */,
				1A38336C22CA7F6A00F2AC9A /* UIImageView.swift in Sources */,
				1A23473222D8F470003123BA /* Post.swift in Sources */,
				1ACB245A22B9899700361106 /* Usuario.swift in Sources */,
				A011D2E022DE543200B78D52 /* PostContentView.swift in Sources */,
				1A23473022D8F45B003123BA /* Films.swift in Sources */,
				1A74F97C22B9580800F0C6F5 /* NoPostsView.swift in Sources */,
				1A97DCB222D4EEB0008A6DC8 /* CoordinatorProtocol.swift in Sources */,
				1ACB245222B96FB500361106 /* UIInputText.swift in Sources */,
				1AB09DB422B93C7A00E3EC81 /* AutoAnchors.swift in Sources */,
				1A6F4B5D22D6272A00E0DFBA /* UIAlert.swift in Sources */,
				1A23472E22D8DD7E003123BA /* Helpers.swift in Sources */,
				1A55C7CC22D3EF15001248F0 /* ReatimeDatabase.swift in Sources */,
				1ACB245022B96ABE00361106 /* UIButton.swift in Sources */,
				1AB09DA422B9369500E3EC81 /* Social_Timeline.xcdatamodeld in Sources */,
				1ACB244E22B9694F00361106 /* LoginController.swift in Sources */,
			);
			runOnlyForDeploymentPostprocessing = 0;
		};
/* End PBXSourcesBuildPhase section */

/* Begin PBXVariantGroup section */
		1AB09DA722B9369600E3EC81 /* LaunchScreen.storyboard */ = {
			isa = PBXVariantGroup;
			children = (
				1AB09DA822B9369600E3EC81 /* Base */,
			);
			name = LaunchScreen.storyboard;
			sourceTree = "<group>";
		};
/* End PBXVariantGroup section */

/* Begin XCBuildConfiguration section */
		1AB09DAB22B9369600E3EC81 /* Debug */ = {
			isa = XCBuildConfiguration;
			buildSettings = {
				ALWAYS_SEARCH_USER_PATHS = NO;
				CLANG_ANALYZER_NONNULL = YES;
				CLANG_ANALYZER_NUMBER_OBJECT_CONVERSION = YES_AGGRESSIVE;
				CLANG_CXX_LANGUAGE_STANDARD = "gnu++14";
				CLANG_CXX_LIBRARY = "libc++";
				CLANG_ENABLE_MODULES = YES;
				CLANG_ENABLE_OBJC_ARC = YES;
				CLANG_ENABLE_OBJC_WEAK = YES;
				CLANG_WARN_BLOCK_CAPTURE_AUTORELEASING = YES;
				CLANG_WARN_BOOL_CONVERSION = YES;
				CLANG_WARN_COMMA = YES;
				CLANG_WARN_CONSTANT_CONVERSION = YES;
				CLANG_WARN_DEPRECATED_OBJC_IMPLEMENTATIONS = YES;
				CLANG_WARN_DIRECT_OBJC_ISA_USAGE = YES_ERROR;
				CLANG_WARN_DOCUMENTATION_COMMENTS = YES;
				CLANG_WARN_EMPTY_BODY = YES;
				CLANG_WARN_ENUM_CONVERSION = YES;
				CLANG_WARN_INFINITE_RECURSION = YES;
				CLANG_WARN_INT_CONVERSION = YES;
				CLANG_WARN_NON_LITERAL_NULL_CONVERSION = YES;
				CLANG_WARN_OBJC_IMPLICIT_RETAIN_SELF = YES;
				CLANG_WARN_OBJC_LITERAL_CONVERSION = YES;
				CLANG_WARN_OBJC_ROOT_CLASS = YES_ERROR;
				CLANG_WARN_RANGE_LOOP_ANALYSIS = YES;
				CLANG_WARN_STRICT_PROTOTYPES = YES;
				CLANG_WARN_SUSPICIOUS_MOVE = YES;
				CLANG_WARN_UNGUARDED_AVAILABILITY = YES_AGGRESSIVE;
				CLANG_WARN_UNREACHABLE_CODE = YES;
				CLANG_WARN__DUPLICATE_METHOD_MATCH = YES;
				CODE_SIGN_IDENTITY = "iPhone Developer";
				COPY_PHASE_STRIP = NO;
				DEBUG_INFORMATION_FORMAT = dwarf;
				ENABLE_STRICT_OBJC_MSGSEND = YES;
				ENABLE_TESTABILITY = YES;
				GCC_C_LANGUAGE_STANDARD = gnu11;
				GCC_DYNAMIC_NO_PIC = NO;
				GCC_NO_COMMON_BLOCKS = YES;
				GCC_OPTIMIZATION_LEVEL = 0;
				GCC_PREPROCESSOR_DEFINITIONS = (
					"DEBUG=1",
					"$(inherited)",
				);
				GCC_WARN_64_TO_32_BIT_CONVERSION = YES;
				GCC_WARN_ABOUT_RETURN_TYPE = YES_ERROR;
				GCC_WARN_UNDECLARED_SELECTOR = YES;
				GCC_WARN_UNINITIALIZED_AUTOS = YES_AGGRESSIVE;
				GCC_WARN_UNUSED_FUNCTION = YES;
				GCC_WARN_UNUSED_VARIABLE = YES;
				IPHONEOS_DEPLOYMENT_TARGET = 12.2;
				MTL_ENABLE_DEBUG_INFO = INCLUDE_SOURCE;
				MTL_FAST_MATH = YES;
				ONLY_ACTIVE_ARCH = YES;
				SDKROOT = iphoneos;
				SWIFT_ACTIVE_COMPILATION_CONDITIONS = DEBUG;
				SWIFT_OPTIMIZATION_LEVEL = "-Onone";
			};
			name = Debug;
		};
		1AB09DAC22B9369600E3EC81 /* Release */ = {
			isa = XCBuildConfiguration;
			buildSettings = {
				ALWAYS_SEARCH_USER_PATHS = NO;
				CLANG_ANALYZER_NONNULL = YES;
				CLANG_ANALYZER_NUMBER_OBJECT_CONVERSION = YES_AGGRESSIVE;
				CLANG_CXX_LANGUAGE_STANDARD = "gnu++14";
				CLANG_CXX_LIBRARY = "libc++";
				CLANG_ENABLE_MODULES = YES;
				CLANG_ENABLE_OBJC_ARC = YES;
				CLANG_ENABLE_OBJC_WEAK = YES;
				CLANG_WARN_BLOCK_CAPTURE_AUTORELEASING = YES;
				CLANG_WARN_BOOL_CONVERSION = YES;
				CLANG_WARN_COMMA = YES;
				CLANG_WARN_CONSTANT_CONVERSION = YES;
				CLANG_WARN_DEPRECATED_OBJC_IMPLEMENTATIONS = YES;
				CLANG_WARN_DIRECT_OBJC_ISA_USAGE = YES_ERROR;
				CLANG_WARN_DOCUMENTATION_COMMENTS = YES;
				CLANG_WARN_EMPTY_BODY = YES;
				CLANG_WARN_ENUM_CONVERSION = YES;
				CLANG_WARN_INFINITE_RECURSION = YES;
				CLANG_WARN_INT_CONVERSION = YES;
				CLANG_WARN_NON_LITERAL_NULL_CONVERSION = YES;
				CLANG_WARN_OBJC_IMPLICIT_RETAIN_SELF = YES;
				CLANG_WARN_OBJC_LITERAL_CONVERSION = YES;
				CLANG_WARN_OBJC_ROOT_CLASS = YES_ERROR;
				CLANG_WARN_RANGE_LOOP_ANALYSIS = YES;
				CLANG_WARN_STRICT_PROTOTYPES = YES;
				CLANG_WARN_SUSPICIOUS_MOVE = YES;
				CLANG_WARN_UNGUARDED_AVAILABILITY = YES_AGGRESSIVE;
				CLANG_WARN_UNREACHABLE_CODE = YES;
				CLANG_WARN__DUPLICATE_METHOD_MATCH = YES;
				CODE_SIGN_IDENTITY = "iPhone Developer";
				COPY_PHASE_STRIP = NO;
				DEBUG_INFORMATION_FORMAT = "dwarf-with-dsym";
				ENABLE_NS_ASSERTIONS = NO;
				ENABLE_STRICT_OBJC_MSGSEND = YES;
				GCC_C_LANGUAGE_STANDARD = gnu11;
				GCC_NO_COMMON_BLOCKS = YES;
				GCC_WARN_64_TO_32_BIT_CONVERSION = YES;
				GCC_WARN_ABOUT_RETURN_TYPE = YES_ERROR;
				GCC_WARN_UNDECLARED_SELECTOR = YES;
				GCC_WARN_UNINITIALIZED_AUTOS = YES_AGGRESSIVE;
				GCC_WARN_UNUSED_FUNCTION = YES;
				GCC_WARN_UNUSED_VARIABLE = YES;
				IPHONEOS_DEPLOYMENT_TARGET = 12.2;
				MTL_ENABLE_DEBUG_INFO = NO;
				MTL_FAST_MATH = YES;
				SDKROOT = iphoneos;
				SWIFT_COMPILATION_MODE = wholemodule;
				SWIFT_OPTIMIZATION_LEVEL = "-O";
				VALIDATE_PRODUCT = YES;
			};
			name = Release;
		};
		1AB09DAE22B9369600E3EC81 /* Debug */ = {
			isa = XCBuildConfiguration;
			baseConfigurationReference = A90160347182DB1F74EC1CDD /* Pods-Social_Timeline.debug.xcconfig */;
			buildSettings = {
				ASSETCATALOG_COMPILER_APPICON_NAME = AppIcon;
				CODE_SIGN_STYLE = Automatic;
				DEVELOPMENT_TEAM = RPUTZQX636;
				INFOPLIST_FILE = Social_Timeline/Info.plist;
				LD_RUNPATH_SEARCH_PATHS = (
					"$(inherited)",
					"@executable_path/Frameworks",
				);
				PRODUCT_BUNDLE_IDENTIFIER = "com.DaNiELChIoRo.Social-Timeline";
				PRODUCT_NAME = "$(TARGET_NAME)";
				SWIFT_VERSION = 5.0;
				TARGETED_DEVICE_FAMILY = "1,2";
			};
			name = Debug;
		};
		1AB09DAF22B9369600E3EC81 /* Release */ = {
			isa = XCBuildConfiguration;
			baseConfigurationReference = F53F599E39F4978E994B5D6F /* Pods-Social_Timeline.release.xcconfig */;
			buildSettings = {
				ASSETCATALOG_COMPILER_APPICON_NAME = AppIcon;
				CODE_SIGN_STYLE = Automatic;
				DEVELOPMENT_TEAM = RPUTZQX636;
				INFOPLIST_FILE = Social_Timeline/Info.plist;
				LD_RUNPATH_SEARCH_PATHS = (
					"$(inherited)",
					"@executable_path/Frameworks",
				);
				PRODUCT_BUNDLE_IDENTIFIER = "com.DaNiELChIoRo.Social-Timeline";
				PRODUCT_NAME = "$(TARGET_NAME)";
				SWIFT_VERSION = 5.0;
				TARGETED_DEVICE_FAMILY = "1,2";
			};
			name = Release;
		};
/* End XCBuildConfiguration section */

/* Begin XCConfigurationList section */
		1AB09D9322B9369500E3EC81 /* Build configuration list for PBXProject "Social_Timeline" */ = {
			isa = XCConfigurationList;
			buildConfigurations = (
				1AB09DAB22B9369600E3EC81 /* Debug */,
				1AB09DAC22B9369600E3EC81 /* Release */,
			);
			defaultConfigurationIsVisible = 0;
			defaultConfigurationName = Release;
		};
		1AB09DAD22B9369600E3EC81 /* Build configuration list for PBXNativeTarget "Social_Timeline" */ = {
			isa = XCConfigurationList;
			buildConfigurations = (
				1AB09DAE22B9369600E3EC81 /* Debug */,
				1AB09DAF22B9369600E3EC81 /* Release */,
			);
			defaultConfigurationIsVisible = 0;
			defaultConfigurationName = Release;
		};
/* End XCConfigurationList section */

/* Begin XCVersionGroup section */
		1AB09DA222B9369500E3EC81 /* Social_Timeline.xcdatamodeld */ = {
			isa = XCVersionGroup;
			children = (
				1AB09DA322B9369500E3EC81 /* Social_Timeline.xcdatamodel */,
			);
			currentVersion = 1AB09DA322B9369500E3EC81 /* Social_Timeline.xcdatamodel */;
			path = Social_Timeline.xcdatamodeld;
			sourceTree = "<group>";
			versionGroupType = wrapper.xcdatamodel;
		};
/* End XCVersionGroup section */
	};
	rootObject = 1AB09D9022B9369500E3EC81 /* Project object */;
}
