// !$*UTF8*$!
{
	archiveVersion = 1;
	classes = {
	};
	objectVersion = 50;
	objects = {

/* Begin PBXBuildFile section */
		1AB09D9C22B9369500E3EC81 /* AppDelegate.swift in Sources */ = {isa = PBXBuildFile; fileRef = 1AB09D9B22B9369500E3EC81 /* AppDelegate.swift */; };
		1AB09D9E22B9369500E3EC81 /* ViewController.swift in Sources */ = {isa = PBXBuildFile; fileRef = 1AB09D9D22B9369500E3EC81 /* ViewController.swift */; };
		1AB09DA122B9369500E3EC81 /* Main.storyboard in Resources */ = {isa = PBXBuildFile; fileRef = 1AB09D9F22B9369500E3EC81 /* Main.storyboard */; };
		1AB09DA422B9369500E3EC81 /* Social_Timeline.xcdatamodeld in Sources */ = {isa = PBXBuildFile; fileRef = 1AB09DA222B9369500E3EC81 /* Social_Timeline.xcdatamodeld */; };
		1AB09DA622B9369600E3EC81 /* Assets.xcassets in Resources */ = {isa = PBXBuildFile; fileRef = 1AB09DA522B9369600E3EC81 /* Assets.xcassets */; };
		1AB09DA922B9369600E3EC81 /* LaunchScreen.storyboard in Resources */ = {isa = PBXBuildFile; fileRef = 1AB09DA722B9369600E3EC81 /* LaunchScreen.storyboard */; };
/* End PBXBuildFile section */

/* Begin PBXFileReference section */
		1AB09D9822B9369500E3EC81 /* Social_Timeline.app */ = {isa = PBXFileReference; explicitFileType = wrapper.application; includeInIndex = 0; path = Social_Timeline.app; sourceTree = BUILT_PRODUCTS_DIR; };
		1AB09D9B22B9369500E3EC81 /* AppDelegate.swift */ = {isa = PBXFileReference; lastKnownFileType = sourcecode.swift; path = AppDelegate.swift; sourceTree = "<group>"; };
		1AB09D9D22B9369500E3EC81 /* ViewController.swift */ = {isa = PBXFileReference; lastKnownFileType = sourcecode.swift; path = ViewController.swift; sourceTree = "<group>"; };
		1AB09DA022B9369500E3EC81 /* Base */ = {isa = PBXFileReference; lastKnownFileType = file.storyboard; name = Base; path = Base.lproj/Main.storyboard; sourceTree = "<group>"; };
		1AB09DA322B9369500E3EC81 /* Social_Timeline.xcdatamodel */ = {isa = PBXFileReference; lastKnownFileType = wrapper.xcdatamodel; path = Social_Timeline.xcdatamodel; sourceTree = "<group>"; };
		1AB09DA522B9369600E3EC81 /* Assets.xcassets */ = {isa = PBXFileReference; lastKnownFileType = folder.assetcatalog; path = Assets.xcassets; sourceTree = "<group>"; };
		1AB09DA822B9369600E3EC81 /* Base */ = {isa = PBXFileReference; lastKnownFileType = file.storyboard; name = Base; path = Base.lproj/LaunchScreen.storyboard; sourceTree = "<group>"; };
		1AB09DAA22B9369600E3EC81 /* Info.plist */ = {isa = PBXFileReference; lastKnownFileType = text.plist.xml; path = Info.plist; sourceTree = "<group>"; };
/* End PBXFileReference section */

/* Begin PBXFrameworksBuildPhase section */
		1AB09D9522B9369500E3EC81 /* Frameworks */ = {
			isa = PBXFrameworksBuildPhase;
			buildActionMask = 2147483647;
			files = (
			);
			runOnlyForDeploymentPostprocessing = 0;
		};
/* End PBXFrameworksBuildPhase section */

/* Begin PBXGroup section */
		1AB09D8F22B9369500E3EC81 = {
			isa = PBXGroup;
			children = (
				1AB09D9A22B9369500E3EC81 /* Social_Timeline */,
				1AB09D9922B9369500E3EC81 /* Products */,
			);
			sourceTree = "<group>";
		};
		1AB09D9922B9369500E3EC81 /* Products */ = {
			isa = PBXGroup;
			children = (
				1AB09D9822B9369500E3EC81 /* Social_Timeline.app */,
			);
			name = Products;
			sourceTree = "<group>";
		};
		1AB09D9A22B9369500E3EC81 /* Social_Timeline */ = {
			isa = PBXGroup;
			children = (
				1AB09D9B22B9369500E3EC81 /* AppDelegate.swift */,
				1AB09D9D22B9369500E3EC81 /* ViewController.swift */,
				1AB09D9F22B9369500E3EC81 /* Main.storyboard */,
				1AB09DA522B9369600E3EC81 /* Assets.xcassets */,
				1AB09DA722B9369600E3EC81 /* LaunchScreen.storyboard */,
				1AB09DAA22B9369600E3EC81 /* Info.plist */,
				1AB09DA222B9369500E3EC81 /* Social_Timeline.xcdatamodeld */,
			);
			path = Social_Timeline;
			sourceTree = "<group>";
		};
/* End PBXGroup section */

/* Begin PBXNativeTarget section */
		1AB09D9722B9369500E3EC81 /* Social_Timeline */ = {
			isa = PBXNativeTarget;
			buildConfigurationList = 1AB09DAD22B9369600E3EC81 /* Build configuration list for PBXNativeTarget "Social_Timeline" */;
			buildPhases = (
				1AB09D9422B9369500E3EC81 /* Sources */,
				1AB09D9522B9369500E3EC81 /* Frameworks */,
				1AB09D9622B9369500E3EC81 /* Resources */,
			);
			buildRules = (
			);
			dependencies = (
			);
			name = Social_Timeline;
			productName = Social_Timeline;
			productReference = 1AB09D9822B9369500E3EC81 /* Social_Timeline.app */;
			productType = "com.apple.product-type.application";
		};
/* End PBXNativeTarget section */

/* Begin PBXProject section */
		1AB09D9022B9369500E3EC81 /* Project object */ = {
			isa = PBXProject;
			attributes = {
				LastSwiftUpdateCheck = 1020;
				LastUpgradeCheck = 1020;
				ORGANIZATIONNAME = Daniel.Meneses;
				TargetAttributes = {
					1AB09D9722B9369500E3EC81 = {
						CreatedOnToolsVersion = 10.2.1;
					};
				};
			};
			buildConfigurationList = 1AB09D9322B9369500E3EC81 /* Build configuration list for PBXProject "Social_Timeline" */;
			compatibilityVersion = "Xcode 9.3";
			developmentRegion = en;
			hasScannedForEncodings = 0;
			knownRegions = (
				en,
				Base,
			);
			mainGroup = 1AB09D8F22B9369500E3EC81;
			productRefGroup = 1AB09D9922B9369500E3EC81 /* Products */;
			projectDirPath = "";
			projectRoot = "";
			targets = (
				1AB09D9722B9369500E3EC81 /* Social_Timeline */,
			);
		};
/* End PBXProject section */

/* Begin PBXResourcesBuildPhase section */
		1AB09D9622B9369500E3EC81 /* Resources */ = {
			isa = PBXResourcesBuildPhase;
			buildActionMask = 2147483647;
			files = (
				1AB09DA922B9369600E3EC81 /* LaunchScreen.storyboard in Resources */,
				1AB09DA622B9369600E3EC81 /* Assets.xcassets in Resources */,
				1AB09DA122B9369500E3EC81 /* Main.storyboard in Resources */,
			);
			runOnlyForDeploymentPostprocessing = 0;
		};
/* End PBXResourcesBuildPhase section */

/* Begin PBXSourcesBuildPhase section */
		1AB09D9422B9369500E3EC81 /* Sources */ = {
			isa = PBXSourcesBuildPhase;
			buildActionMask = 2147483647;
			files = (
				1AB09D9E22B9369500E3EC81 /* ViewController.swift in Sources */,
				1AB09D9C22B9369500E3EC81 /* AppDelegate.swift in Sources */,
				1AB09DA422B9369500E3EC81 /* Social_Timeline.xcdatamodeld in Sources */,
			);
			runOnlyForDeploymentPostprocessing = 0;
		};
/* End PBXSourcesBuildPhase section */

/* Begin PBXVariantGroup section */
		1AB09D9F22B9369500E3EC81 /* Main.storyboard */ = {
			isa = PBXVariantGroup;
			children = (
				1AB09DA022B9369500E3EC81 /* Base */,
			);
			name = Main.storyboard;
			sourceTree = "<group>";
		};
		1AB09DA722B9369600E3EC81 /* LaunchScreen.storyboard */ = {
			isa = PBXVariantGroup;
			children = (
				1AB09DA822B9369600E3EC81 /* Base */,
			);
			name = LaunchScreen.storyboard;
			sourceTree = "<group>";
		};
/* End PBXVariantGroup section */

/* Begin XCBuildConfiguration section */
		1AB09DAB22B9369600E3EC81 /* Debug */ = {
			isa = XCBuildConfiguration;
			buildSettings = {
				ALWAYS_SEARCH_USER_PATHS = NO;
				CLANG_ANALYZER_NONNULL = YES;
				CLANG_ANALYZER_NUMBER_OBJECT_CONVERSION = YES_AGGRESSIVE;
				CLANG_CXX_LANGUAGE_STANDARD = "gnu++14";
				CLANG_CXX_LIBRARY = "libc++";
				CLANG_ENABLE_MODULES = YES;
				CLANG_ENABLE_OBJC_ARC = YES;
				CLANG_ENABLE_OBJC_WEAK = YES;
				CLANG_WARN_BLOCK_CAPTURE_AUTORELEASING = YES;
				CLANG_WARN_BOOL_CONVERSION = YES;
				CLANG_WARN_COMMA = YES;
				CLANG_WARN_CONSTANT_CONVERSION = YES;
				CLANG_WARN_DEPRECATED_OBJC_IMPLEMENTATIONS = YES;
				CLANG_WARN_DIRECT_OBJC_ISA_USAGE = YES_ERROR;
				CLANG_WARN_DOCUMENTATION_COMMENTS = YES;
				CLANG_WARN_EMPTY_BODY = YES;
				CLANG_WARN_ENUM_CONVERSION = YES;
				CLANG_WARN_INFINITE_RECURSION = YES;
				CLANG_WARN_INT_CONVERSION = YES;
				CLANG_WARN_NON_LITERAL_NULL_CONVERSION = YES;
				CLANG_WARN_OBJC_IMPLICIT_RETAIN_SELF = YES;
				CLANG_WARN_OBJC_LITERAL_CONVERSION = YES;
				CLANG_WARN_OBJC_ROOT_CLASS = YES_ERROR;
				CLANG_WARN_RANGE_LOOP_ANALYSIS = YES;
				CLANG_WARN_STRICT_PROTOTYPES = YES;
				CLANG_WARN_SUSPICIOUS_MOVE = YES;
				CLANG_WARN_UNGUARDED_AVAILABILITY = YES_AGGRESSIVE;
				CLANG_WARN_UNREACHABLE_CODE = YES;
				CLANG_WARN__DUPLICATE_METHOD_MATCH = YES;
				CODE_SIGN_IDENTITY = "iPhone Developer";
				COPY_PHASE_STRIP = NO;
				DEBUG_INFORMATION_FORMAT = dwarf;
				ENABLE_STRICT_OBJC_MSGSEND = YES;
				ENABLE_TESTABILITY = YES;
				GCC_C_LANGUAGE_STANDARD = gnu11;
				GCC_DYNAMIC_NO_PIC = NO;
				GCC_NO_COMMON_BLOCKS = YES;
				GCC_OPTIMIZATION_LEVEL = 0;
				GCC_PREPROCESSOR_DEFINITIONS = (
					"DEBUG=1",
					"$(inherited)",
				);
				GCC_WARN_64_TO_32_BIT_CONVERSION = YES;
				GCC_WARN_ABOUT_RETURN_TYPE = YES_ERROR;
				GCC_WARN_UNDECLARED_SELECTOR = YES;
				GCC_WARN_UNINITIALIZED_AUTOS = YES_AGGRESSIVE;
				GCC_WARN_UNUSED_FUNCTION = YES;
				GCC_WARN_UNUSED_VARIABLE = YES;
				IPHONEOS_DEPLOYMENT_TARGET = 12.2;
				MTL_ENABLE_DEBUG_INFO = INCLUDE_SOURCE;
				MTL_FAST_MATH = YES;
				ONLY_ACTIVE_ARCH = YES;
				SDKROOT = iphoneos;
				SWIFT_ACTIVE_COMPILATION_CONDITIONS = DEBUG;
				SWIFT_OPTIMIZATION_LEVEL = "-Onone";
			};
			name = Debug;
		};
		1AB09DAC22B9369600E3EC81 /* Release */ = {
			isa = XCBuildConfiguration;
			buildSettings = {
				ALWAYS_SEARCH_USER_PATHS = NO;
				CLANG_ANALYZER_NONNULL = YES;
				CLANG_ANALYZER_NUMBER_OBJECT_CONVERSION = YES_AGGRESSIVE;
				CLANG_CXX_LANGUAGE_STANDARD = "gnu++14";
				CLANG_CXX_LIBRARY = "libc++";
				CLANG_ENABLE_MODULES = YES;
				CLANG_ENABLE_OBJC_ARC = YES;
				CLANG_ENABLE_OBJC_WEAK = YES;
				CLANG_WARN_BLOCK_CAPTURE_AUTORELEASING = YES;
				CLANG_WARN_BOOL_CONVERSION = YES;
				CLANG_WARN_COMMA = YES;
				CLANG_WARN_CONSTANT_CONVERSION = YES;
				CLANG_WARN_DEPRECATED_OBJC_IMPLEMENTATIONS = YES;
				CLANG_WARN_DIRECT_OBJC_ISA_USAGE = YES_ERROR;
				CLANG_WARN_DOCUMENTATION_COMMENTS = YES;
				CLANG_WARN_EMPTY_BODY = YES;
				CLANG_WARN_ENUM_CONVERSION = YES;
				CLANG_WARN_INFINITE_RECURSION = YES;
				CLANG_WARN_INT_CONVERSION = YES;
				CLANG_WARN_NON_LITERAL_NULL_CONVERSION = YES;
				CLANG_WARN_OBJC_IMPLICIT_RETAIN_SELF = YES;
				CLANG_WARN_OBJC_LITERAL_CONVERSION = YES;
				CLANG_WARN_OBJC_ROOT_CLASS = YES_ERROR;
				CLANG_WARN_RANGE_LOOP_ANALYSIS = YES;
				CLANG_WARN_STRICT_PROTOTYPES = YES;
				CLANG_WARN_SUSPICIOUS_MOVE = YES;
				CLANG_WARN_UNGUARDED_AVAILABILITY = YES_AGGRESSIVE;
				CLANG_WARN_UNREACHABLE_CODE = YES;
				CLANG_WARN__DUPLICATE_METHOD_MATCH = YES;
				CODE_SIGN_IDENTITY = "iPhone Developer";
				COPY_PHASE_STRIP = NO;
				DEBUG_INFORMATION_FORMAT = "dwarf-with-dsym";
				ENABLE_NS_ASSERTIONS = NO;
				ENABLE_STRICT_OBJC_MSGSEND = YES;
				GCC_C_LANGUAGE_STANDARD = gnu11;
				GCC_NO_COMMON_BLOCKS = YES;
				GCC_WARN_64_TO_32_BIT_CONVERSION = YES;
				GCC_WARN_ABOUT_RETURN_TYPE = YES_ERROR;
				GCC_WARN_UNDECLARED_SELECTOR = YES;
				GCC_WARN_UNINITIALIZED_AUTOS = YES_AGGRESSIVE;
				GCC_WARN_UNUSED_FUNCTION = YES;
				GCC_WARN_UNUSED_VARIABLE = YES;
				IPHONEOS_DEPLOYMENT_TARGET = 12.2;
				MTL_ENABLE_DEBUG_INFO = NO;
				MTL_FAST_MATH = YES;
				SDKROOT = iphoneos;
				SWIFT_COMPILATION_MODE = wholemodule;
				SWIFT_OPTIMIZATION_LEVEL = "-O";
				VALIDATE_PRODUCT = YES;
			};
			name = Release;
		};
		1AB09DAE22B9369600E3EC81 /* Debug */ = {
			isa = XCBuildConfiguration;
			buildSettings = {
				ASSETCATALOG_COMPILER_APPICON_NAME = AppIcon;
				CODE_SIGN_STYLE = Automatic;
				DEVELOPMENT_TEAM = 4682Q6QAJV;
				INFOPLIST_FILE = Social_Timeline/Info.plist;
				LD_RUNPATH_SEARCH_PATHS = (
					"$(inherited)",
					"@executable_path/Frameworks",
				);
				PRODUCT_BUNDLE_IDENTIFIER = "com.ironbit.Social-Timeline";
				PRODUCT_NAME = "$(TARGET_NAME)";
				SWIFT_VERSION = 5.0;
				TARGETED_DEVICE_FAMILY = "1,2";
			};
			name = Debug;
		};
		1AB09DAF22B9369600E3EC81 /* Release */ = {
			isa = XCBuildConfiguration;
			buildSettings = {
				ASSETCATALOG_COMPILER_APPICON_NAME = AppIcon;
				CODE_SIGN_STYLE = Automatic;
				DEVELOPMENT_TEAM = 4682Q6QAJV;
				INFOPLIST_FILE = Social_Timeline/Info.plist;
				LD_RUNPATH_SEARCH_PATHS = (
					"$(inherited)",
					"@executable_path/Frameworks",
				);
				PRODUCT_BUNDLE_IDENTIFIER = "com.ironbit.Social-Timeline";
				PRODUCT_NAME = "$(TARGET_NAME)";
				SWIFT_VERSION = 5.0;
				TARGETED_DEVICE_FAMILY = "1,2";
			};
			name = Release;
		};
/* End XCBuildConfiguration section */

/* Begin XCConfigurationList section */
		1AB09D9322B9369500E3EC81 /* Build configuration list for PBXProject "Social_Timeline" */ = {
			isa = XCConfigurationList;
			buildConfigurations = (
				1AB09DAB22B9369600E3EC81 /* Debug */,
				1AB09DAC22B9369600E3EC81 /* Release */,
			);
			defaultConfigurationIsVisible = 0;
			defaultConfigurationName = Release;
		};
		1AB09DAD22B9369600E3EC81 /* Build configuration list for PBXNativeTarget "Social_Timeline" */ = {
			isa = XCConfigurationList;
			buildConfigurations = (
				1AB09DAE22B9369600E3EC81 /* Debug */,
				1AB09DAF22B9369600E3EC81 /* Release */,
			);
			defaultConfigurationIsVisible = 0;
			defaultConfigurationName = Release;
		};
/* End XCConfigurationList section */

/* Begin XCVersionGroup section */
		1AB09DA222B9369500E3EC81 /* Social_Timeline.xcdatamodeld */ = {
			isa = XCVersionGroup;
			children = (
				1AB09DA322B9369500E3EC81 /* Social_Timeline.xcdatamodel */,
			);
			currentVersion = 1AB09DA322B9369500E3EC81 /* Social_Timeline.xcdatamodel */;
			path = Social_Timeline.xcdatamodeld;
			sourceTree = "<group>";
			versionGroupType = wrapper.xcdatamodel;
		};
/* End XCVersionGroup section */
	};
	rootObject = 1AB09D9022B9369500E3EC81 /* Project object */;
}
